// !$*UTF8*$!
{
	archiveVersion = 1;
	classes = {
	};
	objectVersion = 48;
	objects = {

/* Begin PBXBuildFile section */
		04470E0C20610F7300A12279 /* AppDelegate.swift in Sources */ = {isa = PBXBuildFile; fileRef = 04470E0B20610F7300A12279 /* AppDelegate.swift */; };
		04470E0E20610F7300A12279 /* ViewController.swift in Sources */ = {isa = PBXBuildFile; fileRef = 04470E0D20610F7300A12279 /* ViewController.swift */; };
		04470E1120610F7300A12279 /* Main.storyboard in Resources */ = {isa = PBXBuildFile; fileRef = 04470E0F20610F7300A12279 /* Main.storyboard */; };
		04470E1320610F7300A12279 /* Assets.xcassets in Resources */ = {isa = PBXBuildFile; fileRef = 04470E1220610F7300A12279 /* Assets.xcassets */; };
		04470E1620610F7300A12279 /* LaunchScreen.storyboard in Resources */ = {isa = PBXBuildFile; fileRef = 04470E1420610F7300A12279 /* LaunchScreen.storyboard */; };
		04470E1E206110D600A12279 /* FaviconTableViewCell.swift in Sources */ = {isa = PBXBuildFile; fileRef = 04470E1D206110D600A12279 /* FaviconTableViewCell.swift */; };
/* End PBXBuildFile section */

/* Begin PBXFileReference section */
		04470E0820610F7300A12279 /* OperationQueues.app */ = {isa = PBXFileReference; explicitFileType = wrapper.application; includeInIndex = 0; path = OperationQueues.app; sourceTree = BUILT_PRODUCTS_DIR; };
		04470E0B20610F7300A12279 /* AppDelegate.swift */ = {isa = PBXFileReference; lastKnownFileType = sourcecode.swift; path = AppDelegate.swift; sourceTree = "<group>"; };
		04470E0D20610F7300A12279 /* ViewController.swift */ = {isa = PBXFileReference; lastKnownFileType = sourcecode.swift; path = ViewController.swift; sourceTree = "<group>"; };
		04470E1020610F7300A12279 /* Base */ = {isa = PBXFileReference; lastKnownFileType = file.storyboard; name = Base; path = Base.lproj/Main.storyboard; sourceTree = "<group>"; };
		04470E1220610F7300A12279 /* Assets.xcassets */ = {isa = PBXFileReference; lastKnownFileType = folder.assetcatalog; path = Assets.xcassets; sourceTree = "<group>"; };
		04470E1520610F7300A12279 /* Base */ = {isa = PBXFileReference; lastKnownFileType = file.storyboard; name = Base; path = Base.lproj/LaunchScreen.storyboard; sourceTree = "<group>"; };
		04470E1720610F7300A12279 /* Info.plist */ = {isa = PBXFileReference; lastKnownFileType = text.plist.xml; path = Info.plist; sourceTree = "<group>"; };
		04470E1D206110D600A12279 /* FaviconTableViewCell.swift */ = {isa = PBXFileReference; lastKnownFileType = sourcecode.swift; path = FaviconTableViewCell.swift; sourceTree = "<group>"; };
/* End PBXFileReference section */

/* Begin PBXFrameworksBuildPhase section */
		04470E0520610F7200A12279 /* Frameworks */ = {
			isa = PBXFrameworksBuildPhase;
			buildActionMask = 2147483647;
			files = (
			);
			runOnlyForDeploymentPostprocessing = 0;
		};
/* End PBXFrameworksBuildPhase section */

/* Begin PBXGroup section */
		04470DFF20610F7200A12279 = {
			isa = PBXGroup;
			children = (
				04470E0A20610F7300A12279 /* OperationQueues */,
				04470E0920610F7300A12279 /* Products */,
			);
			sourceTree = "<group>";
		};
		04470E0920610F7300A12279 /* Products */ = {
			isa = PBXGroup;
			children = (
				04470E0820610F7300A12279 /* OperationQueues.app */,
			);
			name = Products;
			sourceTree = "<group>";
		};
		04470E0A20610F7300A12279 /* OperationQueues */ = {
			isa = PBXGroup;
			children = (
				04470E0B20610F7300A12279 /* AppDelegate.swift */,
				04470E0D20610F7300A12279 /* ViewController.swift */,
				04470E1D206110D600A12279 /* FaviconTableViewCell.swift */,
				04470E0F20610F7300A12279 /* Main.storyboard */,
				04470E1220610F7300A12279 /* Assets.xcassets */,
				04470E1420610F7300A12279 /* LaunchScreen.storyboard */,
				04470E1720610F7300A12279 /* Info.plist */,
			);
			path = OperationQueues;
			sourceTree = "<group>";
		};
/* End PBXGroup section */

/* Begin PBXNativeTarget section */
		04470E0720610F7200A12279 /* OperationQueues */ = {
			isa = PBXNativeTarget;
			buildConfigurationList = 04470E1A20610F7300A12279 /* Build configuration list for PBXNativeTarget "OperationQueues" */;
			buildPhases = (
				04470E0420610F7200A12279 /* Sources */,
				04470E0520610F7200A12279 /* Frameworks */,
				04470E0620610F7200A12279 /* Resources */,
			);
			buildRules = (
			);
			dependencies = (
			);
			name = OperationQueues;
			productName = OperationQueues;
			productReference = 04470E0820610F7300A12279 /* OperationQueues.app */;
			productType = "com.apple.product-type.application";
		};
/* End PBXNativeTarget section */

/* Begin PBXProject section */
		04470E0020610F7200A12279 /* Project object */ = {
			isa = PBXProject;
			attributes = {
				LastSwiftUpdateCheck = 0920;
				LastUpgradeCheck = 0920;
				ORGANIZATIONNAME = Mac;
				TargetAttributes = {
					04470E0720610F7200A12279 = {
						CreatedOnToolsVersion = 9.2;
						ProvisioningStyle = Automatic;
					};
				};
			};
			buildConfigurationList = 04470E0320610F7200A12279 /* Build configuration list for PBXProject "OperationQueues" */;
			compatibilityVersion = "Xcode 8.0";
			developmentRegion = en;
			hasScannedForEncodings = 0;
			knownRegions = (
				en,
				Base,
			);
			mainGroup = 04470DFF20610F7200A12279;
			productRefGroup = 04470E0920610F7300A12279 /* Products */;
			projectDirPath = "";
			projectRoot = "";
			targets = (
				04470E0720610F7200A12279 /* OperationQueues */,
			);
		};
/* End PBXProject section */

/* Begin PBXResourcesBuildPhase section */
		04470E0620610F7200A12279 /* Resources */ = {
			isa = PBXResourcesBuildPhase;
			buildActionMask = 2147483647;
			files = (
				04470E1620610F7300A12279 /* LaunchScreen.storyboard in Resources */,
				04470E1320610F7300A12279 /* Assets.xcassets in Resources */,
				04470E1120610F7300A12279 /* Main.storyboard in Resources */,
			);
			runOnlyForDeploymentPostprocessing = 0;
		};
/* End PBXResourcesBuildPhase section */

/* Begin PBXSourcesBuildPhase section */
		04470E0420610F7200A12279 /* Sources */ = {
			isa = PBXSourcesBuildPhase;
			buildActionMask = 2147483647;
			files = (
				04470E0E20610F7300A12279 /* ViewController.swift in Sources */,
				04470E1E206110D600A12279 /* FaviconTableViewCell.swift in Sources */,
				04470E0C20610F7300A12279 /* AppDelegate.swift in Sources */,
			);
			runOnlyForDeploymentPostprocessing = 0;
		};
/* End PBXSourcesBuildPhase section */

/* Begin PBXVariantGroup section */
		04470E0F20610F7300A12279 /* Main.storyboard */ = {
			isa = PBXVariantGroup;
			children = (
				04470E1020610F7300A12279 /* Base */,
			);
			name = Main.storyboard;
			sourceTree = "<group>";
		};
		04470E1420610F7300A12279 /* LaunchScreen.storyboard */ = {
			isa = PBXVariantGroup;
			children = (
				04470E1520610F7300A12279 /* Base */,
			);
			name = LaunchScreen.storyboard;
			sourceTree = "<group>";
		};
/* End PBXVariantGroup section */

/* Begin XCBuildConfiguration section */
		04470E1820610F7300A12279 /* Debug */ = {
			isa = XCBuildConfiguration;
			buildSettings = {
				ALWAYS_SEARCH_USER_PATHS = NO;
				CLANG_ANALYZER_NONNULL = YES;
				CLANG_ANALYZER_NUMBER_OBJECT_CONVERSION = YES_AGGRESSIVE;
				CLANG_CXX_LANGUAGE_STANDARD = "gnu++14";
				CLANG_CXX_LIBRARY = "libc++";
				CLANG_ENABLE_MODULES = YES;
				CLANG_ENABLE_OBJC_ARC = YES;
				CLANG_WARN_BLOCK_CAPTURE_AUTORELEASING = YES;
				CLANG_WARN_BOOL_CONVERSION = YES;
				CLANG_WARN_COMMA = YES;
				CLANG_WARN_CONSTANT_CONVERSION = YES;
				CLANG_WARN_DIRECT_OBJC_ISA_USAGE = YES_ERROR;
				CLANG_WARN_DOCUMENTATION_COMMENTS = YES;
				CLANG_WARN_EMPTY_BODY = YES;
				CLANG_WARN_ENUM_CONVERSION = YES;
				CLANG_WARN_INFINITE_RECURSION = YES;
				CLANG_WARN_INT_CONVERSION = YES;
				CLANG_WARN_NON_LITERAL_NULL_CONVERSION = YES;
				CLANG_WARN_OBJC_LITERAL_CONVERSION = YES;
				CLANG_WARN_OBJC_ROOT_CLASS = YES_ERROR;
				CLANG_WARN_RANGE_LOOP_ANALYSIS = YES;
				CLANG_WARN_STRICT_PROTOTYPES = YES;
				CLANG_WARN_SUSPICIOUS_MOVE = YES;
				CLANG_WARN_UNGUARDED_AVAILABILITY = YES_AGGRESSIVE;
				CLANG_WARN_UNREACHABLE_CODE = YES;
				CLANG_WARN__DUPLICATE_METHOD_MATCH = YES;
				CODE_SIGN_IDENTITY = "iPhone Developer";
				COPY_PHASE_STRIP = NO;
				DEBUG_INFORMATION_FORMAT = dwarf;
				ENABLE_STRICT_OBJC_MSGSEND = YES;
				ENABLE_TESTABILITY = YES;
				GCC_C_LANGUAGE_STANDARD = gnu11;
				GCC_DYNAMIC_NO_PIC = NO;
				GCC_NO_COMMON_BLOCKS = YES;
				GCC_OPTIMIZATION_LEVEL = 0;
				GCC_PREPROCESSOR_DEFINITIONS = (
					"DEBUG=1",
					"$(inherited)",
				);
				GCC_WARN_64_TO_32_BIT_CONVERSION = YES;
				GCC_WARN_ABOUT_RETURN_TYPE = YES_ERROR;
				GCC_WARN_UNDECLARED_SELECTOR = YES;
				GCC_WARN_UNINITIALIZED_AUTOS = YES_AGGRESSIVE;
				GCC_WARN_UNUSED_FUNCTION = YES;
				GCC_WARN_UNUSED_VARIABLE = YES;
				IPHONEOS_DEPLOYMENT_TARGET = 11.2;
				MTL_ENABLE_DEBUG_INFO = YES;
				ONLY_ACTIVE_ARCH = YES;
				SDKROOT = iphoneos;
				SWIFT_ACTIVE_COMPILATION_CONDITIONS = DEBUG;
				SWIFT_OPTIMIZATION_LEVEL = "-Onone";
			};
			name = Debug;
		};
		04470E1920610F7300A12279 /* Release */ = {
			isa = XCBuildConfiguration;
			buildSettings = {
				ALWAYS_SEARCH_USER_PATHS = NO;
				CLANG_ANALYZER_NONNULL = YES;
				CLANG_ANALYZER_NUMBER_OBJECT_CONVERSION = YES_AGGRESSIVE;
				CLANG_CXX_LANGUAGE_STANDARD = "gnu++14";
				CLANG_CXX_LIBRARY = "libc++";
				CLANG_ENABLE_MODULES = YES;
				CLANG_ENABLE_OBJC_ARC = YES;
				CLANG_WARN_BLOCK_CAPTURE_AUTORELEASING = YES;
				CLANG_WARN_BOOL_CONVERSION = YES;
				CLANG_WARN_COMMA = YES;
				CLANG_WARN_CONSTANT_CONVERSION = YES;
				CLANG_WARN_DIRECT_OBJC_ISA_USAGE = YES_ERROR;
				CLANG_WARN_DOCUMENTATION_COMMENTS = YES;
				CLANG_WARN_EMPTY_BODY = YES;
				CLANG_WARN_ENUM_CONVERSION = YES;
				CLANG_WARN_INFINITE_RECURSION = YES;
				CLANG_WARN_INT_CONVERSION = YES;
				CLANG_WARN_NON_LITERAL_NULL_CONVERSION = YES;
				CLANG_WARN_OBJC_LITERAL_CONVERSION = YES;
				CLANG_WARN_OBJC_ROOT_CLASS = YES_ERROR;
				CLANG_WARN_RANGE_LOOP_ANALYSIS = YES;
				CLANG_WARN_STRICT_PROTOTYPES = YES;
				CLANG_WARN_SUSPICIOUS_MOVE = YES;
				CLANG_WARN_UNGUARDED_AVAILABILITY = YES_AGGRESSIVE;
				CLANG_WARN_UNREACHABLE_CODE = YES;
				CLANG_WARN__DUPLICATE_METHOD_MATCH = YES;
				CODE_SIGN_IDENTITY = "iPhone Developer";
				COPY_PHASE_STRIP = NO;
				DEBUG_INFORMATION_FORMAT = "dwarf-with-dsym";
				ENABLE_NS_ASSERTIONS = NO;
				ENABLE_STRICT_OBJC_MSGSEND = YES;
				GCC_C_LANGUAGE_STANDARD = gnu11;
				GCC_NO_COMMON_BLOCKS = YES;
				GCC_WARN_64_TO_32_BIT_CONVERSION = YES;
				GCC_WARN_ABOUT_RETURN_TYPE = YES_ERROR;
				GCC_WARN_UNDECLARED_SELECTOR = YES;
				GCC_WARN_UNINITIALIZED_AUTOS = YES_AGGRESSIVE;
				GCC_WARN_UNUSED_FUNCTION = YES;
				GCC_WARN_UNUSED_VARIABLE = YES;
				IPHONEOS_DEPLOYMENT_TARGET = 11.2;
				MTL_ENABLE_DEBUG_INFO = NO;
				SDKROOT = iphoneos;
				SWIFT_OPTIMIZATION_LEVEL = "-Owholemodule";
				VALIDATE_PRODUCT = YES;
			};
			name = Release;
		};
		04470E1B20610F7300A12279 /* Debug */ = {
			isa = XCBuildConfiguration;
			buildSettings = {
				ASSETCATALOG_COMPILER_APPICON_NAME = AppIcon;
				CODE_SIGN_STYLE = Automatic;
				INFOPLIST_FILE = OperationQueues/Info.plist;
				IPHONEOS_DEPLOYMENT_TARGET = 10.3;
				LD_RUNPATH_SEARCH_PATHS = "$(inherited) @executable_path/Frameworks";
				PRODUCT_BUNDLE_IDENTIFIER = whg.OperationQueues;
				PRODUCT_NAME = "$(TARGET_NAME)";
				SWIFT_VERSION = 4.0;
				TARGETED_DEVICE_FAMILY = 1;
			};
			name = Debug;
		};
		04470E1C20610F7300A12279 /* Release */ = {
			isa = XCBuildConfiguration;
			buildSettings = {
				ASSETCATALOG_COMPILER_APPICON_NAME = AppIcon;
				CODE_SIGN_STYLE = Automatic;
				INFOPLIST_FILE = OperationQueues/Info.plist;
				IPHONEOS_DEPLOYMENT_TARGET = 10.3;
				LD_RUNPATH_SEARCH_PATHS = "$(inherited) @executable_path/Frameworks";
				PRODUCT_BUNDLE_IDENTIFIER = whg.OperationQueues;
				PRODUCT_NAME = "$(TARGET_NAME)";
				SWIFT_VERSION = 4.0;
				TARGETED_DEVICE_FAMILY = 1;
			};
			name = Release;
		};
/* End XCBuildConfiguration section */

/* Begin XCConfigurationList section */
		04470E0320610F7200A12279 /* Build configuration list for PBXProject "OperationQueues" */ = {
			isa = XCConfigurationList;
			buildConfigurations = (
				04470E1820610F7300A12279 /* Debug */,
				04470E1920610F7300A12279 /* Release */,
			);
			defaultConfigurationIsVisible = 0;
			defaultConfigurationName = Release;
		};
		04470E1A20610F7300A12279 /* Build configuration list for PBXNativeTarget "OperationQueues" */ = {
			isa = XCConfigurationList;
			buildConfigurations = (
				04470E1B20610F7300A12279 /* Debug */,
				04470E1C20610F7300A12279 /* Release */,
			);
			defaultConfigurationIsVisible = 0;
			defaultConfigurationName = Release;
		};
/* End XCConfigurationList section */
	};
	rootObject = 04470E0020610F7200A12279 /* Project object */;
}
